
Microsoft Visual Studio Solution File, Format Version 12.00
# Visual Studio Version 17
VisualStudioVersion = 17.13.35919.96
MinimumVisualStudioVersion = 10.0.40219.1
Project("{FAE04EC0-301F-11D3-BF4B-00C04F79EFBC}") = "CadCafeteria", "CadCafeteria\CadCafeteria.csproj", "{DD5210CE-1082-4125-B147-D1286063918E}"
EndProject
Project("{FAE04EC0-301F-11D3-BF4B-00C04F79EFBC}") = "ClnCafeteria", "ClnCafeteria\ClnCafeteria.csproj", "{47C8BFD1-E53B-4600-B071-9FBBEA8BA9EF}"
EndProject
Project("{FAE04EC0-301F-11D3-BF4B-00C04F79EFBC}") = "CpCafeteria", "CpCafeteria\CpCafeteria.csproj", "{CC96C164-9AB0-47D1-AA57-2D4ED5C6B564}"
EndProject
Project("{FAE04EC0-301F-11D3-BF4B-00C04F79EFBC}") = "WebCafeteria", "WebCafeteria\WebCafeteria.csproj", "{97FC6F53-A7B3-45CA-AF97-B3BFDB01BFD7}"
EndProject
Global
	GlobalSection(SolutionConfigurationPlatforms) = preSolution
		Debug|Any CPU = Debug|Any CPU
		Release|Any CPU = Release|Any CPU
	EndGlobalSection
	GlobalSection(ProjectConfigurationPlatforms) = postSolution
		{DD5210CE-1082-4125-B147-D1286063918E}.Debug|Any CPU.ActiveCfg = Debug|Any CPU
		{DD5210CE-1082-4125-B147-D1286063918E}.Debug|Any CPU.Build.0 = Debug|Any CPU
		{DD5210CE-1082-4125-B147-D1286063918E}.Release|Any CPU.ActiveCfg = Release|Any CPU
		{DD5210CE-1082-4125-B147-D1286063918E}.Release|Any CPU.Build.0 = Release|Any CPU
		{47C8BFD1-E53B-4600-B071-9FBBEA8BA9EF}.Debug|Any CPU.ActiveCfg = Debug|Any CPU
		{47C8BFD1-E53B-4600-B071-9FBBEA8BA9EF}.Debug|Any CPU.Build.0 = Debug|Any CPU
		{47C8BFD1-E53B-4600-B071-9FBBEA8BA9EF}.Release|Any CPU.ActiveCfg = Release|Any CPU
		{47C8BFD1-E53B-4600-B071-9FBBEA8BA9EF}.Release|Any CPU.Build.0 = Release|Any CPU
		{CC96C164-9AB0-47D1-AA57-2D4ED5C6B564}.Debug|Any CPU.ActiveCfg = Debug|Any CPU
		{CC96C164-9AB0-47D1-AA57-2D4ED5C6B564}.Debug|Any CPU.Build.0 = Debug|Any CPU
		{CC96C164-9AB0-47D1-AA57-2D4ED5C6B564}.Release|Any CPU.ActiveCfg = Release|Any CPU
		{CC96C164-9AB0-47D1-AA57-2D4ED5C6B564}.Release|Any CPU.Build.0 = Release|Any CPU
		{97FC6F53-A7B3-45CA-AF97-B3BFDB01BFD7}.Debug|Any CPU.ActiveCfg = Debug|Any CPU
		{97FC6F53-A7B3-45CA-AF97-B3BFDB01BFD7}.Debug|Any CPU.Build.0 = Debug|Any CPU
		{97FC6F53-A7B3-45CA-AF97-B3BFDB01BFD7}.Release|Any CPU.ActiveCfg = Release|Any CPU
		{97FC6F53-A7B3-45CA-AF97-B3BFDB01BFD7}.Release|Any CPU.Build.0 = Release|Any CPU
	EndGlobalSection
	GlobalSection(SolutionProperties) = preSolution
		HideSolutionNode = FALSE
	EndGlobalSection
	GlobalSection(ExtensibilityGlobals) = postSolution
		SolutionGuid = {EFB3F046-9892-4C18-B87D-9516BECB23D1}
	EndGlobalSection
EndGlobal
