
Microsoft Visual Studio Solution File, Format Version 12.00
# Visual Studio Version 17
VisualStudioVersion = 17.13.35919.96 d17.13
MinimumVisualStudioVersion = 10.0.40219.1
Project("{FAE04EC0-301F-11D3-BF4B-00C04F79EFBC}") = "CadCafeteria", "CadCafeteria\CadCafeteria.csproj", "{55835E09-79C0-4A0B-8017-603D72ADBFD4}"
EndProject
Project("{FAE04EC0-301F-11D3-BF4B-00C04F79EFBC}") = "ClnCafeteria", "ClnCafeteria\ClnCafeteria.csproj", "{AE10BCD1-C950-4383-A8A3-EA5572954CF4}"
EndProject
Project("{FAE04EC0-301F-11D3-BF4B-00C04F79EFBC}") = "CpCafeteria", "CpCafeteria\CpCafeteria.csproj", "{1782CA18-524D-43B3-B9F3-121ABCAB0727}"
EndProject
Global
	GlobalSection(SolutionConfigurationPlatforms) = preSolution
		Debug|Any CPU = Debug|Any CPU
		Release|Any CPU = Release|Any CPU
	EndGlobalSection
	GlobalSection(ProjectConfigurationPlatforms) = postSolution
		{55835E09-79C0-4A0B-8017-603D72ADBFD4}.Debug|Any CPU.ActiveCfg = Debug|Any CPU
		{55835E09-79C0-4A0B-8017-603D72ADBFD4}.Debug|Any CPU.Build.0 = Debug|Any CPU
		{55835E09-79C0-4A0B-8017-603D72ADBFD4}.Release|Any CPU.ActiveCfg = Release|Any CPU
		{55835E09-79C0-4A0B-8017-603D72ADBFD4}.Release|Any CPU.Build.0 = Release|Any CPU
		{AE10BCD1-C950-4383-A8A3-EA5572954CF4}.Debug|Any CPU.ActiveCfg = Debug|Any CPU
		{AE10BCD1-C950-4383-A8A3-EA5572954CF4}.Debug|Any CPU.Build.0 = Debug|Any CPU
		{AE10BCD1-C950-4383-A8A3-EA5572954CF4}.Release|Any CPU.ActiveCfg = Release|Any CPU
		{AE10BCD1-C950-4383-A8A3-EA5572954CF4}.Release|Any CPU.Build.0 = Release|Any CPU
		{1782CA18-524D-43B3-B9F3-121ABCAB0727}.Debug|Any CPU.ActiveCfg = Debug|Any CPU
		{1782CA18-524D-43B3-B9F3-121ABCAB0727}.Debug|Any CPU.Build.0 = Debug|Any CPU
		{1782CA18-524D-43B3-B9F3-121ABCAB0727}.Release|Any CPU.ActiveCfg = Release|Any CPU
		{1782CA18-524D-43B3-B9F3-121ABCAB0727}.Release|Any CPU.Build.0 = Release|Any CPU
	EndGlobalSection
	GlobalSection(SolutionProperties) = preSolution
		HideSolutionNode = FALSE
	EndGlobalSection
	GlobalSection(ExtensibilityGlobals) = postSolution
		SolutionGuid = {EFB3F046-9892-4C18-B87D-9516BECB23D1}
	EndGlobalSection
EndGlobal
